# This file was autogenerated by Stack.
# You should not edit this file by hand.
# For more information, please see the documentation at:
#   https://docs.haskellstack.org/en/stable/lock_files

packages:
- completed:
    name: gitlab-haskell
    version: 0.2.5
    git: https://github.com/hsyl20/gitlab-haskell
    pantry-tree:
      size: 4069
      sha256: 4540384c8084c433e9040dacccc8d2904293734f74f82b480203392f665094d3
    commit: 5dad7639396f4a9cd182af628ea5c373825c6e0d
  original:
    git: https://github.com/hsyl20/gitlab-haskell
    commit: 5dad7639396f4a9cd182af628ea5c373825c6e0d
snapshots:
- completed:
    size: 524164
    url: https://raw.githubusercontent.com/commercialhaskell/stackage-snapshots/master/lts/14/22.yaml
    sha256: 7ad8f33179b32d204165a3a662c6269464a47a7e65a30abc38d01b5a38ec42c0
  original: lts-14.22
