# This file was autogenerated by Stack.
# You should not edit this file by hand.
# For more information, please see the documentation at:
#   https://docs.haskellstack.org/en/stable/lock_files

packages:
- completed:
    hackage: gitlab-haskell-0.2.5@sha256:73e46c384c9a4781bb344f9f08a47143ae553182c675c9fe9d07aaf7d63296fe,4221
    pantry-tree:
      size: 3612
      sha256: f5877a25d2ae6fc696a4e60928f8de8a1c74cb50d3b14ddd1f2d5d76e15e7cc2
  original:
    hackage: gitlab-haskell-0.2.5@sha256:73e46c384c9a4781bb344f9f08a47143ae553182c675c9fe9d07aaf7d63296fe,4221
snapshots:
- completed:
    size: 524164
    url: https://raw.githubusercontent.com/commercialhaskell/stackage-snapshots/master/lts/14/22.yaml
    sha256: 7ad8f33179b32d204165a3a662c6269464a47a7e65a30abc38d01b5a38ec42c0
  original: lts-14.22
